
Microsoft Visual Studio Solution File, Format Version 12.00
# Visual Studio Version 17
VisualStudioVersion = 17.2.32630.192
MinimumVisualStudioVersion = 10.0.40219.1
Project("{FAE04EC0-301F-11D3-BF4B-00C04F79EFBC}") = "WebServiceTry", "WebServiceTry\WebServiceTry.csproj", "{A28EAE20-D5D5-4D34-87FD-EE2CB274D447}"
EndProject
Global
	GlobalSection(SolutionConfigurationPlatforms) = preSolution
		Debug|Any CPU = Debug|Any CPU
		Release|Any CPU = Release|Any CPU
	EndGlobalSection
	GlobalSection(ProjectConfigurationPlatforms) = postSolution
		{A28EAE20-D5D5-4D34-87FD-EE2CB274D447}.Debug|Any CPU.ActiveCfg = Debug|Any CPU
		{A28EAE20-D5D5-4D34-87FD-EE2CB274D447}.Debug|Any CPU.Build.0 = Debug|Any CPU
		{A28EAE20-D5D5-4D34-87FD-EE2CB274D447}.Release|Any CPU.ActiveCfg = Release|Any CPU
		{A28EAE20-D5D5-4D34-87FD-EE2CB274D447}.Release|Any CPU.Build.0 = Release|Any CPU
	EndGlobalSection
	GlobalSection(SolutionProperties) = preSolution
		HideSolutionNode = FALSE
	EndGlobalSection
	GlobalSection(ExtensibilityGlobals) = postSolution
		SolutionGuid = {56FE70D8-9956-417A-ACDA-C50B0A24CEAE}
	EndGlobalSection
EndGlobal
